lockfileVersion: 5.3

specifiers:
  cargo-cp-artifact: ^0.1.5

devDependencies:
  cargo-cp-artifact: registry.nlark.com/cargo-cp-artifact/0.1.5

packages:

  registry.nlark.com/cargo-cp-artifact/0.1.5:
    resolution: {integrity: sha1-LDX31ljyKs/psfondDRNmjie/RQ=, registry: https://registry.npm.taobao.org/, tarball: https://registry.nlark.com/cargo-cp-artifact/download/cargo-cp-artifact-0.1.5.tgz}
    name: cargo-cp-artifact
    version: 0.1.5
    hasBin: true
    dev: true
