lockfileVersion: 5.3

specifiers:
  zx: ^4.2.0

devDependencies:
  zx: registry.nlark.com/zx/4.2.0

packages:

  /array-union/3.0.1:
    resolution: {integrity: sha1-2lJjDTJ/i4jPv7V3KOKvXNm2uXU=, tarball: array-union/download/array-union-3.0.1.tgz}
    engines: {node: '>=12'}
    dev: true

  /color-convert/2.0.1:
    resolution: {integrity: sha1-ctOmjVmMm9s68q0ehPIdiWq9TeM=, tarball: color-convert/download/color-convert-2.0.1.tgz}
    engines: {node: '>=7.0.0'}
    dependencies:
      color-name: registry.nlark.com/color-name/1.1.4
    dev: true

  /delayed-stream/1.0.0:
    resolution: {integrity: sha1-3zrhmayt+31ECqrgsp4icrJOxhk=, tarball: delayed-stream/download/delayed-stream-1.0.0.tgz}
    engines: {node: '>=0.4.0'}
    dev: true

  /dir-glob/3.0.1:
    resolution: {integrity: sha1-Vtv3PZkqSpO6FYT0U0Bj/S5BcX8=, tarball: dir-glob/download/dir-glob-3.0.1.tgz}
    engines: {node: '>=8'}
    dependencies:
      path-type: 4.0.0
    dev: true

  /event-stream/3.3.4:
    resolution: {integrity: sha1-SrTJoPWlTbkzi0w02Gv86PSzVXE=, tarball: event-stream/download/event-stream-3.3.4.tgz}
    dependencies:
      duplexer: registry.nlark.com/duplexer/0.1.2
      from: registry.nlark.com/from/0.1.7
      map-stream: registry.nlark.com/map-stream/0.1.0
      pause-stream: registry.nlark.com/pause-stream/0.0.11
      split: 0.3.3
      stream-combiner: registry.nlark.com/stream-combiner/0.0.4
      through: registry.nlark.com/through/2.3.8
    dev: true

  /form-data/3.0.1:
    resolution: {integrity: sha1-69U3kbeDVqma+aMA1CgsTV65dV8=, tarball: form-data/download/form-data-3.0.1.tgz}
    engines: {node: '>= 6'}
    dependencies:
      asynckit: registry.nlark.com/asynckit/0.4.0
      combined-stream: registry.nlark.com/combined-stream/1.0.8
      mime-types: registry.nlark.com/mime-types/2.1.32
    dev: true

  /merge2/1.4.1:
    resolution: {integrity: sha1-Q2iJL4hekHRVpv19xVwMnUBJkK4=, tarball: merge2/download/merge2-1.4.1.tgz}
    engines: {node: '>= 8'}
    dev: true

  /path-type/4.0.0:
    resolution: {integrity: sha1-hO0BwKe6OAr+CdkKjBgNzZ0DBDs=, tarball: path-type/download/path-type-4.0.0.tgz}
    engines: {node: '>=8'}
    dev: true

  /ps-tree/1.2.0:
    resolution: {integrity: sha1-XnQluJUIc2zdTyIk0Cj3uz9yLr0=, tarball: ps-tree/download/ps-tree-1.2.0.tgz}
    engines: {node: '>= 0.10'}
    hasBin: true
    dependencies:
      event-stream: 3.3.4
    dev: true

  /run-parallel/1.2.0:
    resolution: {integrity: sha1-ZtE2jae9+SHrnZW9GpIp5/IaQ+4=, tarball: run-parallel/download/run-parallel-1.2.0.tgz}
    dependencies:
      queue-microtask: registry.nlark.com/queue-microtask/1.2.3
    dev: true

  /split/0.3.3:
    resolution: {integrity: sha1-zQ7qXmOiEd//frDwkcQTPi0N0o8=, tarball: split/download/split-0.3.3.tgz}
    dependencies:
      through: registry.nlark.com/through/2.3.8
    dev: true

  registry.nlark.com/@nodelib/fs.scandir/2.1.5:
    resolution: {integrity: sha1-dhnC6yGyVIP20WdUi0z9WnSIw9U=, registry: https://registry.npm.taobao.org/, tarball: https://registry.nlark.com/@nodelib/fs.scandir/download/@nodelib/fs.scandir-2.1.5.tgz}
    name: '@nodelib/fs.scandir'
    version: 2.1.5
    engines: {node: '>= 8'}
    dependencies:
      '@nodelib/fs.stat': registry.nlark.com/@nodelib/fs.stat/2.0.5
      run-parallel: 1.2.0
    dev: true

  registry.nlark.com/@nodelib/fs.stat/2.0.5:
    resolution: {integrity: sha1-W9Jir5Tp0lvR5xsF3u1Eh2oiLos=, registry: https://registry.npm.taobao.org/, tarball: https://registry.nlark.com/@nodelib/fs.stat/download/@nodelib/fs.stat-2.0.5.tgz}
    name: '@nodelib/fs.stat'
    version: 2.0.5
    engines: {node: '>= 8'}
    dev: true

  registry.nlark.com/@nodelib/fs.walk/1.2.8:
    resolution: {integrity: sha1-6Vc36LtnRt3t9pxVaVNJTxlv5po=, registry: https://registry.npm.taobao.org/, tarball: https://registry.nlark.com/@nodelib/fs.walk/download/@nodelib/fs.walk-1.2.8.tgz}
    name: '@nodelib/fs.walk'
    version: 1.2.8
    engines: {node: '>= 8'}
    dependencies:
      '@nodelib/fs.scandir': registry.nlark.com/@nodelib/fs.scandir/2.1.5
      fastq: registry.nlark.com/fastq/1.12.0
    dev: true

  registry.nlark.com/@types/fs-extra/9.0.12:
    resolution: {integrity: sha1-m48nlz34p6OSDoRhUX6/in1P368=, registry: https://registry.npm.taobao.org/, tarball: https://registry.nlark.com/@types/fs-extra/download/@types/fs-extra-9.0.12.tgz}
    name: '@types/fs-extra'
    version: 9.0.12
    dependencies:
      '@types/node': registry.nlark.com/@types/node/16.9.1
    dev: true

  registry.nlark.com/@types/minimist/1.2.2:
    resolution: {integrity: sha1-7nceK6Sz3Fs3KTXVSf2WF780W4w=, registry: https://registry.npm.taobao.org/, tarball: https://registry.nlark.com/@types/minimist/download/@types/minimist-1.2.2.tgz?cache=0&sync_timestamp=1629708303108&other_urls=https%3A%2F%2Fregistry.nlark.com%2F%40types%2Fminimist%2Fdownload%2F%40types%2Fminimist-1.2.2.tgz}
    name: '@types/minimist'
    version: 1.2.2
    dev: true

  registry.nlark.com/@types/node-fetch/2.5.12:
    resolution: {integrity: sha1-im93mx1OYLelf7b9SNhPtUW5zGY=, registry: https://registry.npm.taobao.org/, tarball: https://registry.nlark.com/@types/node-fetch/download/@types/node-fetch-2.5.12.tgz}
    name: '@types/node-fetch'
    version: 2.5.12
    dependencies:
      '@types/node': registry.nlark.com/@types/node/16.9.1
      form-data: 3.0.1
    dev: true

  registry.nlark.com/@types/node/16.9.1:
    resolution: {integrity: sha1-BhGzfbQkbJN/7vUp3cwBjPjjVwg=, registry: https://registry.npm.taobao.org/, tarball: https://registry.nlark.com/@types/node/download/@types/node-16.9.1.tgz}
    name: '@types/node'
    version: 16.9.1
    dev: true

  registry.nlark.com/ansi-styles/4.3.0:
    resolution: {integrity: sha1-7dgDYornHATIWuegkG7a00tkiTc=, registry: https://registry.npm.taobao.org/, tarball: https://registry.nlark.com/ansi-styles/download/ansi-styles-4.3.0.tgz}
    name: ansi-styles
    version: 4.3.0
    engines: {node: '>=8'}
    dependencies:
      color-convert: 2.0.1
    dev: true

  registry.nlark.com/asynckit/0.4.0:
    resolution: {integrity: sha1-x57Zf380y48robyXkLzDZkdLS3k=, registry: https://registry.npm.taobao.org/, tarball: https://registry.nlark.com/asynckit/download/asynckit-0.4.0.tgz}
    name: asynckit
    version: 0.4.0
    dev: true

  registry.nlark.com/braces/3.0.2:
    resolution: {integrity: sha1-NFThpGLujVmeI23zNs2epPiv4Qc=, registry: https://registry.npm.taobao.org/, tarball: https://registry.nlark.com/braces/download/braces-3.0.2.tgz}
    name: braces
    version: 3.0.2
    engines: {node: '>=8'}
    dependencies:
      fill-range: registry.nlark.com/fill-range/7.0.1
    dev: true

  registry.nlark.com/chalk/4.1.2:
    resolution: {integrity: sha1-qsTit3NKdAhnrrFr8CqtVWoeegE=, registry: https://registry.npm.taobao.org/, tarball: https://registry.nlark.com/chalk/download/chalk-4.1.2.tgz?cache=0&sync_timestamp=1627646697260&other_urls=https%3A%2F%2Fregistry.nlark.com%2Fchalk%2Fdownload%2Fchalk-4.1.2.tgz}
    name: chalk
    version: 4.1.2
    engines: {node: '>=10'}
    dependencies:
      ansi-styles: registry.nlark.com/ansi-styles/4.3.0
      supports-color: registry.nlark.com/supports-color/7.2.0
    dev: true

  registry.nlark.com/color-name/1.1.4:
    resolution: {integrity: sha1-wqCah6y95pVD3m9j+jmVyCbFNqI=, registry: https://registry.npm.taobao.org/, tarball: https://registry.nlark.com/color-name/download/color-name-1.1.4.tgz}
    name: color-name
    version: 1.1.4
    dev: true

  registry.nlark.com/combined-stream/1.0.8:
    resolution: {integrity: sha1-w9RaizT9cwYxoRCoolIGgrMdWn8=, registry: https://registry.npm.taobao.org/, tarball: https://registry.nlark.com/combined-stream/download/combined-stream-1.0.8.tgz}
    name: combined-stream
    version: 1.0.8
    engines: {node: '>= 0.8'}
    dependencies:
      delayed-stream: 1.0.0
    dev: true

  registry.nlark.com/duplexer/0.1.2:
    resolution: {integrity: sha1-Or5DrvODX4rgd9E23c4PJ2sEAOY=, registry: https://registry.npm.taobao.org/, tarball: https://registry.nlark.com/duplexer/download/duplexer-0.1.2.tgz}
    name: duplexer
    version: 0.1.2
    dev: true

  registry.nlark.com/fast-glob/3.2.7:
    resolution: {integrity: sha1-/Wy3otfpqnp4RhEehaGW1rL3ZqE=, registry: https://registry.npm.taobao.org/, tarball: https://registry.nlark.com/fast-glob/download/fast-glob-3.2.7.tgz}
    name: fast-glob
    version: 3.2.7
    engines: {node: '>=8'}
    dependencies:
      '@nodelib/fs.stat': registry.nlark.com/@nodelib/fs.stat/2.0.5
      '@nodelib/fs.walk': registry.nlark.com/@nodelib/fs.walk/1.2.8
      glob-parent: registry.nlark.com/glob-parent/5.1.2
      merge2: 1.4.1
      micromatch: registry.nlark.com/micromatch/4.0.4
    dev: true

  registry.nlark.com/fastq/1.12.0:
    resolution: {integrity: sha1-7XtqtdYjk/ssxZHIU2UqXDGL95Q=, registry: https://registry.npm.taobao.org/, tarball: https://registry.nlark.com/fastq/download/fastq-1.12.0.tgz}
    name: fastq
    version: 1.12.0
    dependencies:
      reusify: registry.nlark.com/reusify/1.0.4
    dev: true

  registry.nlark.com/fill-range/7.0.1:
    resolution: {integrity: sha1-GRmmp8df44ssfHflGYU12prN2kA=, registry: https://registry.npm.taobao.org/, tarball: https://registry.nlark.com/fill-range/download/fill-range-7.0.1.tgz}
    name: fill-range
    version: 7.0.1
    engines: {node: '>=8'}
    dependencies:
      to-regex-range: registry.nlark.com/to-regex-range/5.0.1
    dev: true

  registry.nlark.com/from/0.1.7:
    resolution: {integrity: sha1-g8YK/Fi5xWmXAH7Rp2izqzA6RP4=, registry: https://registry.npm.taobao.org/, tarball: https://registry.nlark.com/from/download/from-0.1.7.tgz}
    name: from
    version: 0.1.7
    dev: true

  registry.nlark.com/fs-extra/10.0.0:
    resolution: {integrity: sha1-n/YbZV3eU/s0qC34S7IUzoAuF8E=, registry: https://registry.npm.taobao.org/, tarball: https://registry.nlark.com/fs-extra/download/fs-extra-10.0.0.tgz}
    name: fs-extra
    version: 10.0.0
    engines: {node: '>=12'}
    dependencies:
      graceful-fs: registry.nlark.com/graceful-fs/4.2.8
      jsonfile: registry.nlark.com/jsonfile/6.1.0
      universalify: registry.nlark.com/universalify/2.0.0
    dev: true

  registry.nlark.com/glob-parent/5.1.2:
    resolution: {integrity: sha1-hpgyxYA0/mikCTwX3BXoNA2EAcQ=, registry: https://registry.npm.taobao.org/, tarball: https://registry.nlark.com/glob-parent/download/glob-parent-5.1.2.tgz?cache=0&sync_timestamp=1626760200164&other_urls=https%3A%2F%2Fregistry.nlark.com%2Fglob-parent%2Fdownload%2Fglob-parent-5.1.2.tgz}
    name: glob-parent
    version: 5.1.2
    engines: {node: '>= 6'}
    dependencies:
      is-glob: registry.nlark.com/is-glob/4.0.1
    dev: true

  registry.nlark.com/globby/12.0.2:
    resolution: {integrity: sha1-U3iLKt8jVgLtTKv+pccKETnhqxE=, registry: https://registry.npm.taobao.org/, tarball: https://registry.nlark.com/globby/download/globby-12.0.2.tgz}
    name: globby
    version: 12.0.2
    engines: {node: ^12.20.0 || ^14.13.1 || >=16.0.0}
    dependencies:
      array-union: 3.0.1
      dir-glob: 3.0.1
      fast-glob: registry.nlark.com/fast-glob/3.2.7
      ignore: registry.nlark.com/ignore/5.1.8
      merge2: 1.4.1
      slash: registry.nlark.com/slash/4.0.0
    dev: true

  registry.nlark.com/graceful-fs/4.2.8:
    resolution: {integrity: sha1-5BK40z9eAGWTy9PO5t+fLOu+gCo=, registry: https://registry.npm.taobao.org/, tarball: https://registry.nlark.com/graceful-fs/download/graceful-fs-4.2.8.tgz?cache=0&sync_timestamp=1628194078324&other_urls=https%3A%2F%2Fregistry.nlark.com%2Fgraceful-fs%2Fdownload%2Fgraceful-fs-4.2.8.tgz}
    name: graceful-fs
    version: 4.2.8
    dev: true

  registry.nlark.com/has-flag/4.0.0:
    resolution: {integrity: sha1-lEdx/ZyByBJlxNaUGGDaBrtZR5s=, registry: https://registry.npm.taobao.org/, tarball: https://registry.nlark.com/has-flag/download/has-flag-4.0.0.tgz}
    name: has-flag
    version: 4.0.0
    engines: {node: '>=8'}
    dev: true

  registry.nlark.com/ignore/5.1.8:
    resolution: {integrity: sha1-8VCotQo0KJsz4i9YiavU2AFvDlc=, registry: https://registry.npm.taobao.org/, tarball: https://registry.nlark.com/ignore/download/ignore-5.1.8.tgz}
    name: ignore
    version: 5.1.8
    engines: {node: '>= 4'}
    dev: true

  registry.nlark.com/is-extglob/2.1.1:
    resolution: {integrity: sha1-qIwCU1eR8C7TfHahueqXc8gz+MI=, registry: https://registry.npm.taobao.org/, tarball: https://registry.nlark.com/is-extglob/download/is-extglob-2.1.1.tgz}
    name: is-extglob
    version: 2.1.1
    engines: {node: '>=0.10.0'}
    dev: true

  registry.nlark.com/is-glob/4.0.1:
    resolution: {integrity: sha1-dWfb6fL14kZ7x3q4PEopSCQHpdw=, registry: https://registry.npm.taobao.org/, tarball: https://registry.nlark.com/is-glob/download/is-glob-4.0.1.tgz}
    name: is-glob
    version: 4.0.1
    engines: {node: '>=0.10.0'}
    dependencies:
      is-extglob: registry.nlark.com/is-extglob/2.1.1
    dev: true

  registry.nlark.com/is-number/7.0.0:
    resolution: {integrity: sha1-dTU0W4lnNNX4DE0GxQlVUnoU8Ss=, registry: https://registry.npm.taobao.org/, tarball: https://registry.nlark.com/is-number/download/is-number-7.0.0.tgz}
    name: is-number
    version: 7.0.0
    engines: {node: '>=0.12.0'}
    dev: true

  registry.nlark.com/isexe/2.0.0:
    resolution: {integrity: sha1-6PvzdNxVb/iUehDcsFctYz8s+hA=, registry: https://registry.npm.taobao.org/, tarball: https://registry.nlark.com/isexe/download/isexe-2.0.0.tgz?cache=0&sync_timestamp=1618847054312&other_urls=https%3A%2F%2Fregistry.nlark.com%2Fisexe%2Fdownload%2Fisexe-2.0.0.tgz}
    name: isexe
    version: 2.0.0
    dev: true

  registry.nlark.com/jsonfile/6.1.0:
    resolution: {integrity: sha1-vFWyY0eTxnnsZAMJTrE2mKbsCq4=, registry: https://registry.npm.taobao.org/, tarball: https://registry.nlark.com/jsonfile/download/jsonfile-6.1.0.tgz}
    name: jsonfile
    version: 6.1.0
    dependencies:
      universalify: registry.nlark.com/universalify/2.0.0
    optionalDependencies:
      graceful-fs: registry.nlark.com/graceful-fs/4.2.8
    dev: true

  registry.nlark.com/map-stream/0.1.0:
    resolution: {integrity: sha1-5WqpTEyAVaFkBKBnS3jyFffI4ZQ=, registry: https://registry.npm.taobao.org/, tarball: https://registry.nlark.com/map-stream/download/map-stream-0.1.0.tgz}
    name: map-stream
    version: 0.1.0
    dev: true

  registry.nlark.com/micromatch/4.0.4:
    resolution: {integrity: sha1-iW1Rnf6dsl/OlM63pQCRm/iB6/k=, registry: https://registry.npm.taobao.org/, tarball: https://registry.nlark.com/micromatch/download/micromatch-4.0.4.tgz}
    name: micromatch
    version: 4.0.4
    engines: {node: '>=8.6'}
    dependencies:
      braces: registry.nlark.com/braces/3.0.2
      picomatch: registry.nlark.com/picomatch/2.3.0
    dev: true

  registry.nlark.com/mime-db/1.49.0:
    resolution: {integrity: sha1-89/eYMmenPO8lwHWh3ePU3ABy+0=, registry: https://registry.npm.taobao.org/, tarball: https://registry.nlark.com/mime-db/download/mime-db-1.49.0.tgz}
    name: mime-db
    version: 1.49.0
    engines: {node: '>= 0.6'}
    dev: true

  registry.nlark.com/mime-types/2.1.32:
    resolution: {integrity: sha1-HQDonn3n/gIAjbYQAdngKFJnD9U=, registry: https://registry.npm.taobao.org/, tarball: https://registry.nlark.com/mime-types/download/mime-types-2.1.32.tgz?cache=0&sync_timestamp=1627407819001&other_urls=https%3A%2F%2Fregistry.nlark.com%2Fmime-types%2Fdownload%2Fmime-types-2.1.32.tgz}
    name: mime-types
    version: 2.1.32
    engines: {node: '>= 0.6'}
    dependencies:
      mime-db: registry.nlark.com/mime-db/1.49.0
    dev: true

  registry.nlark.com/minimist/1.2.5:
    resolution: {integrity: sha1-Z9ZgFLZqaoqqDAg8X9WN9OTpdgI=, registry: https://registry.npm.taobao.org/, tarball: https://registry.nlark.com/minimist/download/minimist-1.2.5.tgz?cache=0&sync_timestamp=1618847017774&other_urls=https%3A%2F%2Fregistry.nlark.com%2Fminimist%2Fdownload%2Fminimist-1.2.5.tgz}
    name: minimist
    version: 1.2.5
    dev: true

  registry.nlark.com/node-fetch/2.6.2:
    resolution: {integrity: sha1-mGmWgYtzeF5HsZZcw06wk6HUZNA=, registry: https://registry.npm.taobao.org/, tarball: https://registry.nlark.com/node-fetch/download/node-fetch-2.6.2.tgz?cache=0&sync_timestamp=1630934725619&other_urls=https%3A%2F%2Fregistry.nlark.com%2Fnode-fetch%2Fdownload%2Fnode-fetch-2.6.2.tgz}
    name: node-fetch
    version: 2.6.2
    engines: {node: 4.x || >=6.0.0}
    dev: true

  registry.nlark.com/pause-stream/0.0.11:
    resolution: {integrity: sha1-/lo0sMvOErWqaitAPuLnO2AvFEU=, registry: https://registry.npm.taobao.org/, tarball: https://registry.nlark.com/pause-stream/download/pause-stream-0.0.11.tgz}
    name: pause-stream
    version: 0.0.11
    dependencies:
      through: registry.nlark.com/through/2.3.8
    dev: true

  registry.nlark.com/picomatch/2.3.0:
    resolution: {integrity: sha1-8fBh3o9qS/AiiS4tEoI0+5gwKXI=, registry: https://registry.npm.taobao.org/, tarball: https://registry.nlark.com/picomatch/download/picomatch-2.3.0.tgz?cache=0&sync_timestamp=1621648246651&other_urls=https%3A%2F%2Fregistry.nlark.com%2Fpicomatch%2Fdownload%2Fpicomatch-2.3.0.tgz}
    name: picomatch
    version: 2.3.0
    engines: {node: '>=8.6'}
    dev: true

  registry.nlark.com/queue-microtask/1.2.3:
    resolution: {integrity: sha1-SSkii7xyTfrEPg77BYyve2z7YkM=, registry: https://registry.npm.taobao.org/, tarball: https://registry.nlark.com/queue-microtask/download/queue-microtask-1.2.3.tgz}
    name: queue-microtask
    version: 1.2.3
    dev: true

  registry.nlark.com/reusify/1.0.4:
    resolution: {integrity: sha1-kNo4Kx4SbvwCFG6QhFqI2xKSXXY=, registry: https://registry.npm.taobao.org/, tarball: https://registry.nlark.com/reusify/download/reusify-1.0.4.tgz}
    name: reusify
    version: 1.0.4
    engines: {iojs: '>=1.0.0', node: '>=0.10.0'}
    dev: true

  registry.nlark.com/slash/4.0.0:
    resolution: {integrity: sha1-JCI3IXbExsWt214q2oha+YSzlqc=, registry: https://registry.npm.taobao.org/, tarball: https://registry.nlark.com/slash/download/slash-4.0.0.tgz}
    name: slash
    version: 4.0.0
    engines: {node: '>=12'}
    dev: true

  registry.nlark.com/stream-combiner/0.0.4:
    resolution: {integrity: sha1-TV5DPBhSYd3mI8o/RMWGvPXErRQ=, registry: https://registry.npm.taobao.org/, tarball: https://registry.nlark.com/stream-combiner/download/stream-combiner-0.0.4.tgz}
    name: stream-combiner
    version: 0.0.4
    dependencies:
      duplexer: registry.nlark.com/duplexer/0.1.2
    dev: true

  registry.nlark.com/supports-color/7.2.0:
    resolution: {integrity: sha1-G33NyzK4E4gBs+R4umpRyqiWSNo=, registry: https://registry.npm.taobao.org/, tarball: https://registry.nlark.com/supports-color/download/supports-color-7.2.0.tgz?cache=0&sync_timestamp=1626703342506&other_urls=https%3A%2F%2Fregistry.nlark.com%2Fsupports-color%2Fdownload%2Fsupports-color-7.2.0.tgz}
    name: supports-color
    version: 7.2.0
    engines: {node: '>=8'}
    dependencies:
      has-flag: registry.nlark.com/has-flag/4.0.0
    dev: true

  registry.nlark.com/through/2.3.8:
    resolution: {integrity: sha1-DdTJ/6q8NXlgsbckEV1+Doai4fU=, registry: https://registry.npm.taobao.org/, tarball: https://registry.nlark.com/through/download/through-2.3.8.tgz}
    name: through
    version: 2.3.8
    dev: true

  registry.nlark.com/to-regex-range/5.0.1:
    resolution: {integrity: sha1-FkjESq58jZiKMmAY7XL1tN0DkuQ=, registry: https://registry.npm.taobao.org/, tarball: https://registry.nlark.com/to-regex-range/download/to-regex-range-5.0.1.tgz}
    name: to-regex-range
    version: 5.0.1
    engines: {node: '>=8.0'}
    dependencies:
      is-number: registry.nlark.com/is-number/7.0.0
    dev: true

  registry.nlark.com/universalify/2.0.0:
    resolution: {integrity: sha1-daSYTv7cSwiXXFrrc/Uw0C3yVxc=, registry: https://registry.npm.taobao.org/, tarball: https://registry.nlark.com/universalify/download/universalify-2.0.0.tgz}
    name: universalify
    version: 2.0.0
    engines: {node: '>= 10.0.0'}
    dev: true

  registry.nlark.com/which/2.0.2:
    resolution: {integrity: sha1-fGqN0KY2oDJ+ELWckobu6T8/UbE=, registry: https://registry.npm.taobao.org/, tarball: https://registry.nlark.com/which/download/which-2.0.2.tgz}
    name: which
    version: 2.0.2
    engines: {node: '>= 8'}
    hasBin: true
    dependencies:
      isexe: registry.nlark.com/isexe/2.0.0
    dev: true

  registry.nlark.com/zx/4.2.0:
    resolution: {integrity: sha1-X3wV9ERq0zriNxflq6TAGZqpCFE=, registry: https://registry.npm.taobao.org/, tarball: https://registry.nlark.com/zx/download/zx-4.2.0.tgz}
    name: zx
    version: 4.2.0
    engines: {node: '>= 14.13.0'}
    hasBin: true
    dependencies:
      '@types/fs-extra': registry.nlark.com/@types/fs-extra/9.0.12
      '@types/minimist': registry.nlark.com/@types/minimist/1.2.2
      '@types/node': registry.nlark.com/@types/node/16.9.1
      '@types/node-fetch': registry.nlark.com/@types/node-fetch/2.5.12
      chalk: registry.nlark.com/chalk/4.1.2
      fs-extra: registry.nlark.com/fs-extra/10.0.0
      globby: registry.nlark.com/globby/12.0.2
      minimist: registry.nlark.com/minimist/1.2.5
      node-fetch: registry.nlark.com/node-fetch/2.6.2
      ps-tree: 1.2.0
      which: registry.nlark.com/which/2.0.2
    dev: true
